
Microsoft Visual Studio Solution File, Format Version 12.00
# Visual Studio Version 17
VisualStudioVersion = 17.0.31903.59
MinimumVisualStudioVersion = 10.0.40219.1
Project("{FAE04EC0-301F-11D3-BF4B-00C04F79EFBC}") = "CodexLedWidget.Wpf", "CodexLedWidget.Wpf\CodexLedWidget.Wpf.csproj", "{BF451396-0320-4E8D-9E07-7C084F746B1E}"
EndProject
Project("{FAE04EC0-301F-11D3-BF4B-00C04F79EFBC}") = "CodexLedWidget.Mac", "CodexLedWidget.Mac\CodexLedWidget.Mac.csproj", "{694AC835-706A-4B22-BE5B-CC884BD65A5F}"
EndProject
Project("{FAE04EC0-301F-11D3-BF4B-00C04F79EFBC}") = "CodexLedWidget.Core", "CodexLedWidget.Core\CodexLedWidget.Core.csproj", "{65CFDC59-39DD-4209-971D-5AD5B78848F3}"
EndProject
Project("{FAE04EC0-301F-11D3-BF4B-00C04F79EFBC}") = "CodexLedWidget.Tests", "CodexLedWidget.Tests\CodexLedWidget.Tests.csproj", "{537A5193-90ED-4EFA-AC11-52DC74F71DD8}"
EndProject
Global
	GlobalSection(SolutionConfigurationPlatforms) = preSolution
		Debug|Any CPU = Debug|Any CPU
		Debug|x64 = Debug|x64
		Debug|x86 = Debug|x86
		Release|Any CPU = Release|Any CPU
		Release|x64 = Release|x64
		Release|x86 = Release|x86
	EndGlobalSection
	GlobalSection(ProjectConfigurationPlatforms) = postSolution
		{BF451396-0320-4E8D-9E07-7C084F746B1E}.Debug|Any CPU.ActiveCfg = Debug|Any CPU
		{BF451396-0320-4E8D-9E07-7C084F746B1E}.Debug|Any CPU.Build.0 = Debug|Any CPU
		{BF451396-0320-4E8D-9E07-7C084F746B1E}.Debug|x64.ActiveCfg = Debug|Any CPU
		{BF451396-0320-4E8D-9E07-7C084F746B1E}.Debug|x64.Build.0 = Debug|Any CPU
		{BF451396-0320-4E8D-9E07-7C084F746B1E}.Debug|x86.ActiveCfg = Debug|Any CPU
		{BF451396-0320-4E8D-9E07-7C084F746B1E}.Debug|x86.Build.0 = Debug|Any CPU
		{BF451396-0320-4E8D-9E07-7C084F746B1E}.Release|Any CPU.ActiveCfg = Release|Any CPU
		{BF451396-0320-4E8D-9E07-7C084F746B1E}.Release|Any CPU.Build.0 = Release|Any CPU
		{BF451396-0320-4E8D-9E07-7C084F746B1E}.Release|x64.ActiveCfg = Release|Any CPU
		{BF451396-0320-4E8D-9E07-7C084F746B1E}.Release|x64.Build.0 = Release|Any CPU
		{BF451396-0320-4E8D-9E07-7C084F746B1E}.Release|x86.ActiveCfg = Release|Any CPU
		{BF451396-0320-4E8D-9E07-7C084F746B1E}.Release|x86.Build.0 = Release|Any CPU
		{694AC835-706A-4B22-BE5B-CC884BD65A5F}.Debug|Any CPU.ActiveCfg = Debug|Any CPU
		{694AC835-706A-4B22-BE5B-CC884BD65A5F}.Debug|Any CPU.Build.0 = Debug|Any CPU
		{694AC835-706A-4B22-BE5B-CC884BD65A5F}.Debug|x64.ActiveCfg = Debug|Any CPU
		{694AC835-706A-4B22-BE5B-CC884BD65A5F}.Debug|x64.Build.0 = Debug|Any CPU
		{694AC835-706A-4B22-BE5B-CC884BD65A5F}.Debug|x86.ActiveCfg = Debug|Any CPU
		{694AC835-706A-4B22-BE5B-CC884BD65A5F}.Debug|x86.Build.0 = Debug|Any CPU
		{694AC835-706A-4B22-BE5B-CC884BD65A5F}.Release|Any CPU.ActiveCfg = Release|Any CPU
		{694AC835-706A-4B22-BE5B-CC884BD65A5F}.Release|Any CPU.Build.0 = Release|Any CPU
		{694AC835-706A-4B22-BE5B-CC884BD65A5F}.Release|x64.ActiveCfg = Release|Any CPU
		{694AC835-706A-4B22-BE5B-CC884BD65A5F}.Release|x64.Build.0 = Release|Any CPU
		{694AC835-706A-4B22-BE5B-CC884BD65A5F}.Release|x86.ActiveCfg = Release|Any CPU
		{694AC835-706A-4B22-BE5B-CC884BD65A5F}.Release|x86.Build.0 = Release|Any CPU
		{65CFDC59-39DD-4209-971D-5AD5B78848F3}.Debug|Any CPU.ActiveCfg = Debug|Any CPU
		{65CFDC59-39DD-4209-971D-5AD5B78848F3}.Debug|Any CPU.Build.0 = Debug|Any CPU
		{65CFDC59-39DD-4209-971D-5AD5B78848F3}.Debug|x64.ActiveCfg = Debug|Any CPU
		{65CFDC59-39DD-4209-971D-5AD5B78848F3}.Debug|x64.Build.0 = Debug|Any CPU
		{65CFDC59-39DD-4209-971D-5AD5B78848F3}.Debug|x86.ActiveCfg = Debug|Any CPU
		{65CFDC59-39DD-4209-971D-5AD5B78848F3}.Debug|x86.Build.0 = Debug|Any CPU
		{65CFDC59-39DD-4209-971D-5AD5B78848F3}.Release|Any CPU.ActiveCfg = Release|Any CPU
		{65CFDC59-39DD-4209-971D-5AD5B78848F3}.Release|Any CPU.Build.0 = Release|Any CPU
		{65CFDC59-39DD-4209-971D-5AD5B78848F3}.Release|x64.ActiveCfg = Release|Any CPU
		{65CFDC59-39DD-4209-971D-5AD5B78848F3}.Release|x64.Build.0 = Release|Any CPU
		{65CFDC59-39DD-4209-971D-5AD5B78848F3}.Release|x86.ActiveCfg = Release|Any CPU
		{65CFDC59-39DD-4209-971D-5AD5B78848F3}.Release|x86.Build.0 = Release|Any CPU
		{537A5193-90ED-4EFA-AC11-52DC74F71DD8}.Debug|Any CPU.ActiveCfg = Debug|Any CPU
		{537A5193-90ED-4EFA-AC11-52DC74F71DD8}.Debug|Any CPU.Build.0 = Debug|Any CPU
		{537A5193-90ED-4EFA-AC11-52DC74F71DD8}.Debug|x64.ActiveCfg = Debug|Any CPU
		{537A5193-90ED-4EFA-AC11-52DC74F71DD8}.Debug|x64.Build.0 = Debug|Any CPU
		{537A5193-90ED-4EFA-AC11-52DC74F71DD8}.Debug|x86.ActiveCfg = Debug|Any CPU
		{537A5193-90ED-4EFA-AC11-52DC74F71DD8}.Debug|x86.Build.0 = Debug|Any CPU
		{537A5193-90ED-4EFA-AC11-52DC74F71DD8}.Release|Any CPU.ActiveCfg = Release|Any CPU
		{537A5193-90ED-4EFA-AC11-52DC74F71DD8}.Release|Any CPU.Build.0 = Release|Any CPU
		{537A5193-90ED-4EFA-AC11-52DC74F71DD8}.Release|x64.ActiveCfg = Release|Any CPU
		{537A5193-90ED-4EFA-AC11-52DC74F71DD8}.Release|x64.Build.0 = Release|Any CPU
		{537A5193-90ED-4EFA-AC11-52DC74F71DD8}.Release|x86.ActiveCfg = Release|Any CPU
		{537A5193-90ED-4EFA-AC11-52DC74F71DD8}.Release|x86.Build.0 = Release|Any CPU
	EndGlobalSection
	GlobalSection(SolutionProperties) = preSolution
		HideSolutionNode = FALSE
	EndGlobalSection
EndGlobal
